{
  "nodes": {
    "nixpkgs": {
      "locked": {
        "lastModified": 1745093164,
        "narHash": "sha256-aI0xu92Ofx32IWY1mjmbRg97lKx/eNNJ7SFwTgZV5I4=",
        "owner": "NixOS",
        "repo": "nixpkgs",
        "rev": "c112db2c3101670a57e7bffd15405864d7c72ff7",
        "type": "github"
      },
      "original": {
        "owner": "NixOS",
        "ref": "master",
        "repo": "nixpkgs",
        "type": "github"
      }
    },
    "root": {
      "inputs": {
        "nixpkgs": "nixpkgs"
      }
    }
  },
  "root": "root",
  "version": 7
}
